
Microsoft Visual Studio Solution File, Format Version 12.00
# Visual Studio 15
VisualStudioVersion = 15.0.28307.539
MinimumVisualStudioVersion = 10.0.40219.1
Project("{FAE04EC0-301F-11D3-BF4B-00C04F79EFBC}") = "AnalyzeImage", "AnalyzeImage\Microsoft.Azure.CognitiveServices.Samples.ComputerVision.AnalyzeImage.csproj", "{D80D48F2-F52C-4649-A298-FB9F22668B19}"
EndProject
Project("{FAE04EC0-301F-11D3-BF4B-00C04F79EFBC}") = "DetectObjects", "DetectObjects\Microsoft.Azure.CognitiveServices.Samples.ComputerVision.DetectObjects.csproj", "{ECC75ECA-5F9E-49FA-8480-B94A8A5DBB97}"
EndProject
Project("{FAE04EC0-301F-11D3-BF4B-00C04F79EFBC}") = "ExtractText", "ExtractText\Microsoft.Azure.CognitiveServices.Samples.ComputerVision.ExtractText.csproj", "{C813CB28-39BD-4383-A59B-99020576057F}"
EndProject
Project("{FAE04EC0-301F-11D3-BF4B-00C04F79EFBC}") = "OCR", "OCR\Microsoft.Azure.CognitiveServices.Samples.ComputerVision.OCR.csproj", "{F3F98FCD-728E-424C-A66E-64F5F0870298}"
EndProject
Global
	GlobalSection(SolutionConfigurationPlatforms) = preSolution
		Debug|Any CPU = Debug|Any CPU
		Release|Any CPU = Release|Any CPU
	EndGlobalSection
	GlobalSection(ProjectConfigurationPlatforms) = postSolution
		{D80D48F2-F52C-4649-A298-FB9F22668B19}.Debug|Any CPU.ActiveCfg = Debug|Any CPU
		{D80D48F2-F52C-4649-A298-FB9F22668B19}.Debug|Any CPU.Build.0 = Debug|Any CPU
		{D80D48F2-F52C-4649-A298-FB9F22668B19}.Release|Any CPU.ActiveCfg = Release|Any CPU
		{D80D48F2-F52C-4649-A298-FB9F22668B19}.Release|Any CPU.Build.0 = Release|Any CPU
		{ECC75ECA-5F9E-49FA-8480-B94A8A5DBB97}.Debug|Any CPU.ActiveCfg = Debug|Any CPU
		{ECC75ECA-5F9E-49FA-8480-B94A8A5DBB97}.Debug|Any CPU.Build.0 = Debug|Any CPU
		{ECC75ECA-5F9E-49FA-8480-B94A8A5DBB97}.Release|Any CPU.ActiveCfg = Release|Any CPU
		{ECC75ECA-5F9E-49FA-8480-B94A8A5DBB97}.Release|Any CPU.Build.0 = Release|Any CPU
		{C813CB28-39BD-4383-A59B-99020576057F}.Debug|Any CPU.ActiveCfg = Debug|Any CPU
		{C813CB28-39BD-4383-A59B-99020576057F}.Debug|Any CPU.Build.0 = Debug|Any CPU
		{C813CB28-39BD-4383-A59B-99020576057F}.Release|Any CPU.ActiveCfg = Release|Any CPU
		{C813CB28-39BD-4383-A59B-99020576057F}.Release|Any CPU.Build.0 = Release|Any CPU
		{F3F98FCD-728E-424C-A66E-64F5F0870298}.Debug|Any CPU.ActiveCfg = Debug|Any CPU
		{F3F98FCD-728E-424C-A66E-64F5F0870298}.Debug|Any CPU.Build.0 = Debug|Any CPU
		{F3F98FCD-728E-424C-A66E-64F5F0870298}.Release|Any CPU.ActiveCfg = Release|Any CPU
		{F3F98FCD-728E-424C-A66E-64F5F0870298}.Release|Any CPU.Build.0 = Release|Any CPU
	EndGlobalSection
	GlobalSection(SolutionProperties) = preSolution
		HideSolutionNode = FALSE
	EndGlobalSection
	GlobalSection(ExtensibilityGlobals) = postSolution
		SolutionGuid = {4E45C63C-8CE1-48AD-A295-05FBCE469D66}
	EndGlobalSection
EndGlobal
