
Microsoft Visual Studio Solution File, Format Version 12.00
# Visual Studio 15
VisualStudioVersion = 15.0.28307.539
MinimumVisualStudioVersion = 10.0.40219.1
Project("{9A19103F-16F7-4668-BE54-9A1E7A4F7556}") = "Microsoft.Azure.CognitiveServices.Samples.ComputerVision.AnalyzeImage", "AnalyzeImage\Microsoft.Azure.CognitiveServices.Samples.ComputerVision.AnalyzeImage.csproj", "{D80D48F2-F52C-4649-A298-FB9F22668B19}"
EndProject
Project("{9A19103F-16F7-4668-BE54-9A1E7A4F7556}") = "Microsoft.Azure.CognitiveServices.Samples.ComputerVision.DetectObjects", "DetectObjects\Microsoft.Azure.CognitiveServices.Samples.ComputerVision.DetectObjects.csproj", "{ECC75ECA-5F9E-49FA-8480-B94A8A5DBB97}"
EndProject
Project("{9A19103F-16F7-4668-BE54-9A1E7A4F7556}") = "Microsoft.Azure.CognitiveServices.Samples.ComputerVision.BatchReadText", "BatchReadText\Microsoft.Azure.CognitiveServices.Samples.ComputerVision.BatchReadText.csproj", "{C813CB28-39BD-4383-A59B-99020576057F}"
EndProject
Project("{9A19103F-16F7-4668-BE54-9A1E7A4F7556}") = "Microsoft.Azure.CognitiveServices.Samples.ComputerVision.OCR", "OCR\Microsoft.Azure.CognitiveServices.Samples.ComputerVision.OCR.csproj", "{F3F98FCD-728E-424C-A66E-64F5F0870298}"
EndProject
Project("{FAE04EC0-301F-11D3-BF4B-00C04F79EFBC}") = "Microsoft.Azure.CognitiveServices.Samples.ComputerVision.DescribeImage", "DescribeImage\Microsoft.Azure.CognitiveServices.Samples.ComputerVision.DescribeImage.csproj", "{236A621F-1422-4F11-A1DB-63A98FA81964}"
EndProject
Project("{FAE04EC0-301F-11D3-BF4B-00C04F79EFBC}") = "Microsoft.Azure.CognitiveServices.Samples.ComputerVision.GetAreaOfInterest", "GetAreaOfInterest\Microsoft.Azure.CognitiveServices.Samples.ComputerVision.GetAreaOfInterest.csproj", "{13CD735C-6C88-4C7D-9084-13924F9012DF}"
EndProject
Project("{FAE04EC0-301F-11D3-BF4B-00C04F79EFBC}") = "Microsoft.Azure.CognitiveServices.Samples.ComputerVision.TagImage", "TagImage\Microsoft.Azure.CognitiveServices.Samples.ComputerVision.TagImage.csproj", "{6F9E7415-FD2A-475C-A668-DB83D29DCBAE}"
EndProject
Project("{FAE04EC0-301F-11D3-BF4B-00C04F79EFBC}") = "Microsoft.Azure.CognitiveServices.Samples.ComputerVision.RecognizeDomainSpecificContent", "RecognizeDomainSpecificContent\Microsoft.Azure.CognitiveServices.Samples.ComputerVision.RecognizeDomainSpecificContent.csproj", "{AFDFD5AC-2E2D-46C0-A25D-0AF09C6A89D8}"
EndProject
Project("{FAE04EC0-301F-11D3-BF4B-00C04F79EFBC}") = "Microsoft.Azure.CognitiveServices.Samples.ComputerVision.RecognizeText", "RecognizeText\Microsoft.Azure.CognitiveServices.Samples.ComputerVision.RecognizeText.csproj", "{C024B030-8CA9-4239-9C89-371B24E029CE}"
EndProject
Global
	GlobalSection(SolutionConfigurationPlatforms) = preSolution
		Debug|Any CPU = Debug|Any CPU
		Release|Any CPU = Release|Any CPU
	EndGlobalSection
	GlobalSection(ProjectConfigurationPlatforms) = postSolution
		{D80D48F2-F52C-4649-A298-FB9F22668B19}.Debug|Any CPU.ActiveCfg = Debug|Any CPU
		{D80D48F2-F52C-4649-A298-FB9F22668B19}.Debug|Any CPU.Build.0 = Debug|Any CPU
		{D80D48F2-F52C-4649-A298-FB9F22668B19}.Release|Any CPU.ActiveCfg = Release|Any CPU
		{D80D48F2-F52C-4649-A298-FB9F22668B19}.Release|Any CPU.Build.0 = Release|Any CPU
		{ECC75ECA-5F9E-49FA-8480-B94A8A5DBB97}.Debug|Any CPU.ActiveCfg = Debug|Any CPU
		{ECC75ECA-5F9E-49FA-8480-B94A8A5DBB97}.Debug|Any CPU.Build.0 = Debug|Any CPU
		{ECC75ECA-5F9E-49FA-8480-B94A8A5DBB97}.Release|Any CPU.ActiveCfg = Release|Any CPU
		{ECC75ECA-5F9E-49FA-8480-B94A8A5DBB97}.Release|Any CPU.Build.0 = Release|Any CPU
		{C813CB28-39BD-4383-A59B-99020576057F}.Debug|Any CPU.ActiveCfg = Debug|Any CPU
		{C813CB28-39BD-4383-A59B-99020576057F}.Debug|Any CPU.Build.0 = Debug|Any CPU
		{C813CB28-39BD-4383-A59B-99020576057F}.Release|Any CPU.ActiveCfg = Release|Any CPU
		{C813CB28-39BD-4383-A59B-99020576057F}.Release|Any CPU.Build.0 = Release|Any CPU
		{F3F98FCD-728E-424C-A66E-64F5F0870298}.Debug|Any CPU.ActiveCfg = Debug|Any CPU
		{F3F98FCD-728E-424C-A66E-64F5F0870298}.Debug|Any CPU.Build.0 = Debug|Any CPU
		{F3F98FCD-728E-424C-A66E-64F5F0870298}.Release|Any CPU.ActiveCfg = Release|Any CPU
		{F3F98FCD-728E-424C-A66E-64F5F0870298}.Release|Any CPU.Build.0 = Release|Any CPU
		{236A621F-1422-4F11-A1DB-63A98FA81964}.Debug|Any CPU.ActiveCfg = Debug|Any CPU
		{236A621F-1422-4F11-A1DB-63A98FA81964}.Debug|Any CPU.Build.0 = Debug|Any CPU
		{236A621F-1422-4F11-A1DB-63A98FA81964}.Release|Any CPU.ActiveCfg = Release|Any CPU
		{236A621F-1422-4F11-A1DB-63A98FA81964}.Release|Any CPU.Build.0 = Release|Any CPU
		{13CD735C-6C88-4C7D-9084-13924F9012DF}.Debug|Any CPU.ActiveCfg = Debug|Any CPU
		{13CD735C-6C88-4C7D-9084-13924F9012DF}.Debug|Any CPU.Build.0 = Debug|Any CPU
		{13CD735C-6C88-4C7D-9084-13924F9012DF}.Release|Any CPU.ActiveCfg = Release|Any CPU
		{13CD735C-6C88-4C7D-9084-13924F9012DF}.Release|Any CPU.Build.0 = Release|Any CPU
		{6F9E7415-FD2A-475C-A668-DB83D29DCBAE}.Debug|Any CPU.ActiveCfg = Debug|Any CPU
		{6F9E7415-FD2A-475C-A668-DB83D29DCBAE}.Debug|Any CPU.Build.0 = Debug|Any CPU
		{6F9E7415-FD2A-475C-A668-DB83D29DCBAE}.Release|Any CPU.ActiveCfg = Release|Any CPU
		{6F9E7415-FD2A-475C-A668-DB83D29DCBAE}.Release|Any CPU.Build.0 = Release|Any CPU
		{AFDFD5AC-2E2D-46C0-A25D-0AF09C6A89D8}.Debug|Any CPU.ActiveCfg = Debug|Any CPU
		{AFDFD5AC-2E2D-46C0-A25D-0AF09C6A89D8}.Debug|Any CPU.Build.0 = Debug|Any CPU
		{AFDFD5AC-2E2D-46C0-A25D-0AF09C6A89D8}.Release|Any CPU.ActiveCfg = Release|Any CPU
		{AFDFD5AC-2E2D-46C0-A25D-0AF09C6A89D8}.Release|Any CPU.Build.0 = Release|Any CPU
		{C024B030-8CA9-4239-9C89-371B24E029CE}.Debug|Any CPU.ActiveCfg = Debug|Any CPU
		{C024B030-8CA9-4239-9C89-371B24E029CE}.Debug|Any CPU.Build.0 = Debug|Any CPU
		{C024B030-8CA9-4239-9C89-371B24E029CE}.Release|Any CPU.ActiveCfg = Release|Any CPU
		{C024B030-8CA9-4239-9C89-371B24E029CE}.Release|Any CPU.Build.0 = Release|Any CPU
	EndGlobalSection
	GlobalSection(SolutionProperties) = preSolution
		HideSolutionNode = FALSE
	EndGlobalSection
	GlobalSection(ExtensibilityGlobals) = postSolution
		SolutionGuid = {4E45C63C-8CE1-48AD-A295-05FBCE469D66}
	EndGlobalSection
EndGlobal
