// !$*UTF8*$!
{
	archiveVersion = 1;
	classes = {
	};
	objectVersion = 50;
	objects = {

/* Begin PBXBuildFile section */
		CF7B3D7322500F5300CBE1FC /* AppDelegate.swift in Sources */ = {isa = PBXBuildFile; fileRef = CF7B3D7222500F5300CBE1FC /* AppDelegate.swift */; };
		CF7B3D7522500F5300CBE1FC /* ViewController.swift in Sources */ = {isa = PBXBuildFile; fileRef = CF7B3D7422500F5300CBE1FC /* ViewController.swift */; };
		CF7B3D7822500F5300CBE1FC /* Main.storyboard in Resources */ = {isa = PBXBuildFile; fileRef = CF7B3D7622500F5300CBE1FC /* Main.storyboard */; };
		CF7B3D7A22500F5500CBE1FC /* Assets.xcassets in Resources */ = {isa = PBXBuildFile; fileRef = CF7B3D7922500F5500CBE1FC /* Assets.xcassets */; };
		CF7B3D7D22500F5500CBE1FC /* LaunchScreen.storyboard in Resources */ = {isa = PBXBuildFile; fileRef = CF7B3D7B22500F5500CBE1FC /* LaunchScreen.storyboard */; };
		CF7B3D922250112500CBE1FC /* InkBullet.swift in Sources */ = {isa = PBXBuildFile; fileRef = CF7B3D842250112400CBE1FC /* InkBullet.swift */; };
		CF7B3D932250112500CBE1FC /* InkRecognizer.swift in Sources */ = {isa = PBXBuildFile; fileRef = CF7B3D852250112400CBE1FC /* InkRecognizer.swift */; };
		CF7B3D952250112500CBE1FC /* InkRoot.swift in Sources */ = {isa = PBXBuildFile; fileRef = CF7B3D872250112400CBE1FC /* InkRoot.swift */; };
		CF7B3D962250112500CBE1FC /* InkLine.swift in Sources */ = {isa = PBXBuildFile; fileRef = CF7B3D882250112400CBE1FC /* InkLine.swift */; };
		CF7B3D972250112500CBE1FC /* InkWord.swift in Sources */ = {isa = PBXBuildFile; fileRef = CF7B3D892250112400CBE1FC /* InkWord.swift */; };
		CF7B3D982250112500CBE1FC /* InkWritingRegion.swift in Sources */ = {isa = PBXBuildFile; fileRef = CF7B3D8A2250112400CBE1FC /* InkWritingRegion.swift */; };
		CF7B3D992250112500CBE1FC /* InkStroke.swift in Sources */ = {isa = PBXBuildFile; fileRef = CF7B3D8B2250112400CBE1FC /* InkStroke.swift */; };
		CF7B3D9A2250112500CBE1FC /* InkDrawing.swift in Sources */ = {isa = PBXBuildFile; fileRef = CF7B3D8C2250112400CBE1FC /* InkDrawing.swift */; };
		CF7B3D9B2250112500CBE1FC /* InkPoint.swift in Sources */ = {isa = PBXBuildFile; fileRef = CF7B3D8D2250112400CBE1FC /* InkPoint.swift */; };
		CF7B3D9C2250112500CBE1FC /* InkParagraph.swift in Sources */ = {isa = PBXBuildFile; fileRef = CF7B3D8E2250112400CBE1FC /* InkParagraph.swift */; };
		CF7B3D9D2250112500CBE1FC /* InkListItem.swift in Sources */ = {isa = PBXBuildFile; fileRef = CF7B3D8F2250112400CBE1FC /* InkListItem.swift */; };
		CF7B3D9E2250112500CBE1FC /* InkRecognitionUnit.swift in Sources */ = {isa = PBXBuildFile; fileRef = CF7B3D902250112400CBE1FC /* InkRecognitionUnit.swift */; };
		CF7B3DA12250116E00CBE1FC /* InkRenderer.swift in Sources */ = {isa = PBXBuildFile; fileRef = CF7B3DA02250116E00CBE1FC /* InkRenderer.swift */; };
		CF7B3DA3225011F100CBE1FC /* Line.swift in Sources */ = {isa = PBXBuildFile; fileRef = CF7B3DA2225011F100CBE1FC /* Line.swift */; };
/* End PBXBuildFile section */

/* Begin PBXFileReference section */
		CF7B3D6F22500F5300CBE1FC /* Recognizer.app */ = {isa = PBXFileReference; explicitFileType = wrapper.application; includeInIndex = 0; path = Recognizer.app; sourceTree = BUILT_PRODUCTS_DIR; };
		CF7B3D7222500F5300CBE1FC /* AppDelegate.swift */ = {isa = PBXFileReference; lastKnownFileType = sourcecode.swift; path = AppDelegate.swift; sourceTree = "<group>"; };
		CF7B3D7422500F5300CBE1FC /* ViewController.swift */ = {isa = PBXFileReference; lastKnownFileType = sourcecode.swift; path = ViewController.swift; sourceTree = "<group>"; };
		CF7B3D7722500F5300CBE1FC /* Base */ = {isa = PBXFileReference; lastKnownFileType = file.storyboard; name = Base; path = Base.lproj/Main.storyboard; sourceTree = "<group>"; };
		CF7B3D7922500F5500CBE1FC /* Assets.xcassets */ = {isa = PBXFileReference; lastKnownFileType = folder.assetcatalog; path = Assets.xcassets; sourceTree = "<group>"; };
		CF7B3D7C22500F5500CBE1FC /* Base */ = {isa = PBXFileReference; lastKnownFileType = file.storyboard; name = Base; path = Base.lproj/LaunchScreen.storyboard; sourceTree = "<group>"; };
		CF7B3D7E22500F5500CBE1FC /* Info.plist */ = {isa = PBXFileReference; lastKnownFileType = text.plist.xml; path = Info.plist; sourceTree = "<group>"; };
		CF7B3D842250112400CBE1FC /* InkBullet.swift */ = {isa = PBXFileReference; fileEncoding = 4; lastKnownFileType = sourcecode.swift; path = InkBullet.swift; sourceTree = "<group>"; };
		CF7B3D852250112400CBE1FC /* InkRecognizer.swift */ = {isa = PBXFileReference; fileEncoding = 4; lastKnownFileType = sourcecode.swift; path = InkRecognizer.swift; sourceTree = "<group>"; };
		CF7B3D872250112400CBE1FC /* InkRoot.swift */ = {isa = PBXFileReference; fileEncoding = 4; lastKnownFileType = sourcecode.swift; path = InkRoot.swift; sourceTree = "<group>"; };
		CF7B3D882250112400CBE1FC /* InkLine.swift */ = {isa = PBXFileReference; fileEncoding = 4; lastKnownFileType = sourcecode.swift; path = InkLine.swift; sourceTree = "<group>"; };
		CF7B3D892250112400CBE1FC /* InkWord.swift */ = {isa = PBXFileReference; fileEncoding = 4; lastKnownFileType = sourcecode.swift; path = InkWord.swift; sourceTree = "<group>"; };
		CF7B3D8A2250112400CBE1FC /* InkWritingRegion.swift */ = {isa = PBXFileReference; fileEncoding = 4; lastKnownFileType = sourcecode.swift; path = InkWritingRegion.swift; sourceTree = "<group>"; };
		CF7B3D8B2250112400CBE1FC /* InkStroke.swift */ = {isa = PBXFileReference; fileEncoding = 4; lastKnownFileType = sourcecode.swift; path = InkStroke.swift; sourceTree = "<group>"; };
		CF7B3D8C2250112400CBE1FC /* InkDrawing.swift */ = {isa = PBXFileReference; fileEncoding = 4; lastKnownFileType = sourcecode.swift; path = InkDrawing.swift; sourceTree = "<group>"; };
		CF7B3D8D2250112400CBE1FC /* InkPoint.swift */ = {isa = PBXFileReference; fileEncoding = 4; lastKnownFileType = sourcecode.swift; path = InkPoint.swift; sourceTree = "<group>"; };
		CF7B3D8E2250112400CBE1FC /* InkParagraph.swift */ = {isa = PBXFileReference; fileEncoding = 4; lastKnownFileType = sourcecode.swift; path = InkParagraph.swift; sourceTree = "<group>"; };
		CF7B3D8F2250112400CBE1FC /* InkListItem.swift */ = {isa = PBXFileReference; fileEncoding = 4; lastKnownFileType = sourcecode.swift; path = InkListItem.swift; sourceTree = "<group>"; };
		CF7B3D902250112400CBE1FC /* InkRecognitionUnit.swift */ = {isa = PBXFileReference; fileEncoding = 4; lastKnownFileType = sourcecode.swift; path = InkRecognitionUnit.swift; sourceTree = "<group>"; };
		CF7B3DA02250116E00CBE1FC /* InkRenderer.swift */ = {isa = PBXFileReference; fileEncoding = 4; lastKnownFileType = sourcecode.swift; path = InkRenderer.swift; sourceTree = "<group>"; };
		CF7B3DA2225011F100CBE1FC /* Line.swift */ = {isa = PBXFileReference; fileEncoding = 4; lastKnownFileType = sourcecode.swift; path = Line.swift; sourceTree = "<group>"; };
/* End PBXFileReference section */

/* Begin PBXFrameworksBuildPhase section */
		CF7B3D6C22500F5300CBE1FC /* Frameworks */ = {
			isa = PBXFrameworksBuildPhase;
			buildActionMask = 2147483647;
			files = (
			);
			runOnlyForDeploymentPostprocessing = 0;
		};
/* End PBXFrameworksBuildPhase section */

/* Begin PBXGroup section */
		CF7B3D6622500F5300CBE1FC = {
			isa = PBXGroup;
			children = (
				CF7B3D7122500F5300CBE1FC /* Recognizer */,
				CF7B3D7022500F5300CBE1FC /* Products */,
			);
			sourceTree = "<group>";
		};
		CF7B3D7022500F5300CBE1FC /* Products */ = {
			isa = PBXGroup;
			children = (
				CF7B3D6F22500F5300CBE1FC /* Recognizer.app */,
			);
			name = Products;
			sourceTree = "<group>";
		};
		CF7B3D7122500F5300CBE1FC /* Recognizer */ = {
			isa = PBXGroup;
			children = (
				CF7B3DA2225011F100CBE1FC /* Line.swift */,
				CF7B3DA02250116E00CBE1FC /* InkRenderer.swift */,
				CF7B3D852250112400CBE1FC /* InkRecognizer.swift */,
				CF7B3D842250112400CBE1FC /* InkBullet.swift */,
				CF7B3D8C2250112400CBE1FC /* InkDrawing.swift */,
				CF7B3D882250112400CBE1FC /* InkLine.swift */,
				CF7B3D8F2250112400CBE1FC /* InkListItem.swift */,
				CF7B3D8E2250112400CBE1FC /* InkParagraph.swift */,
				CF7B3D8D2250112400CBE1FC /* InkPoint.swift */,
				CF7B3D902250112400CBE1FC /* InkRecognitionUnit.swift */,
				CF7B3D872250112400CBE1FC /* InkRoot.swift */,
				CF7B3D8B2250112400CBE1FC /* InkStroke.swift */,
				CF7B3D892250112400CBE1FC /* InkWord.swift */,
				CF7B3D8A2250112400CBE1FC /* InkWritingRegion.swift */,
				CF7B3D7222500F5300CBE1FC /* AppDelegate.swift */,
				CF7B3D7422500F5300CBE1FC /* ViewController.swift */,
				CF7B3D7622500F5300CBE1FC /* Main.storyboard */,
				CF7B3D7922500F5500CBE1FC /* Assets.xcassets */,
				CF7B3D7B22500F5500CBE1FC /* LaunchScreen.storyboard */,
				CF7B3D7E22500F5500CBE1FC /* Info.plist */,
			);
			path = Recognizer;
			sourceTree = "<group>";
		};
/* End PBXGroup section */

/* Begin PBXNativeTarget section */
		CF7B3D6E22500F5300CBE1FC /* Recognizer */ = {
			isa = PBXNativeTarget;
			buildConfigurationList = CF7B3D8122500F5500CBE1FC /* Build configuration list for PBXNativeTarget "Recognizer" */;
			buildPhases = (
				CF7B3D6B22500F5300CBE1FC /* Sources */,
				CF7B3D6C22500F5300CBE1FC /* Frameworks */,
				CF7B3D6D22500F5300CBE1FC /* Resources */,
			);
			buildRules = (
			);
			dependencies = (
			);
			name = Recognizer;
			productName = Recognizer;
			productReference = CF7B3D6F22500F5300CBE1FC /* Recognizer.app */;
			productType = "com.apple.product-type.application";
		};
/* End PBXNativeTarget section */

/* Begin PBXProject section */
		CF7B3D6722500F5300CBE1FC /* Project object */ = {
			isa = PBXProject;
			attributes = {
				LastSwiftUpdateCheck = 1010;
				LastUpgradeCheck = 1010;
				ORGANIZATIONNAME = "Cognitive Services";
				TargetAttributes = {
					CF7B3D6E22500F5300CBE1FC = {
						CreatedOnToolsVersion = 10.1;
					};
				};
			};
			buildConfigurationList = CF7B3D6A22500F5300CBE1FC /* Build configuration list for PBXProject "Recognizer" */;
			compatibilityVersion = "Xcode 9.3";
			developmentRegion = en;
			hasScannedForEncodings = 0;
			knownRegions = (
				en,
				Base,
			);
			mainGroup = CF7B3D6622500F5300CBE1FC;
			productRefGroup = CF7B3D7022500F5300CBE1FC /* Products */;
			projectDirPath = "";
			projectRoot = "";
			targets = (
				CF7B3D6E22500F5300CBE1FC /* Recognizer */,
			);
		};
/* End PBXProject section */

/* Begin PBXResourcesBuildPhase section */
		CF7B3D6D22500F5300CBE1FC /* Resources */ = {
			isa = PBXResourcesBuildPhase;
			buildActionMask = 2147483647;
			files = (
				CF7B3D7D22500F5500CBE1FC /* LaunchScreen.storyboard in Resources */,
				CF7B3D7A22500F5500CBE1FC /* Assets.xcassets in Resources */,
				CF7B3D7822500F5300CBE1FC /* Main.storyboard in Resources */,
			);
			runOnlyForDeploymentPostprocessing = 0;
		};
/* End PBXResourcesBuildPhase section */

/* Begin PBXSourcesBuildPhase section */
		CF7B3D6B22500F5300CBE1FC /* Sources */ = {
			isa = PBXSourcesBuildPhase;
			buildActionMask = 2147483647;
			files = (
				CF7B3D932250112500CBE1FC /* InkRecognizer.swift in Sources */,
				CF7B3D992250112500CBE1FC /* InkStroke.swift in Sources */,
				CF7B3D922250112500CBE1FC /* InkBullet.swift in Sources */,
				CF7B3D9C2250112500CBE1FC /* InkParagraph.swift in Sources */,
				CF7B3D9D2250112500CBE1FC /* InkListItem.swift in Sources */,
				CF7B3D7522500F5300CBE1FC /* ViewController.swift in Sources */,
				CF7B3D9B2250112500CBE1FC /* InkPoint.swift in Sources */,
				CF7B3D9A2250112500CBE1FC /* InkDrawing.swift in Sources */,
				CF7B3D952250112500CBE1FC /* InkRoot.swift in Sources */,
				CF7B3DA12250116E00CBE1FC /* InkRenderer.swift in Sources */,
				CF7B3D9E2250112500CBE1FC /* InkRecognitionUnit.swift in Sources */,
				CF7B3D982250112500CBE1FC /* InkWritingRegion.swift in Sources */,
				CF7B3D962250112500CBE1FC /* InkLine.swift in Sources */,
				CF7B3DA3225011F100CBE1FC /* Line.swift in Sources */,
				CF7B3D972250112500CBE1FC /* InkWord.swift in Sources */,
				CF7B3D7322500F5300CBE1FC /* AppDelegate.swift in Sources */,
			);
			runOnlyForDeploymentPostprocessing = 0;
		};
/* End PBXSourcesBuildPhase section */

/* Begin PBXVariantGroup section */
		CF7B3D7622500F5300CBE1FC /* Main.storyboard */ = {
			isa = PBXVariantGroup;
			children = (
				CF7B3D7722500F5300CBE1FC /* Base */,
			);
			name = Main.storyboard;
			sourceTree = "<group>";
		};
		CF7B3D7B22500F5500CBE1FC /* LaunchScreen.storyboard */ = {
			isa = PBXVariantGroup;
			children = (
				CF7B3D7C22500F5500CBE1FC /* Base */,
			);
			name = LaunchScreen.storyboard;
			sourceTree = "<group>";
		};
/* End PBXVariantGroup section */

/* Begin XCBuildConfiguration section */
		CF7B3D7F22500F5500CBE1FC /* Debug */ = {
			isa = XCBuildConfiguration;
			buildSettings = {
				ALWAYS_SEARCH_USER_PATHS = NO;
				CLANG_ANALYZER_NONNULL = YES;
				CLANG_ANALYZER_NUMBER_OBJECT_CONVERSION = YES_AGGRESSIVE;
				CLANG_CXX_LANGUAGE_STANDARD = "gnu++14";
				CLANG_CXX_LIBRARY = "libc++";
				CLANG_ENABLE_MODULES = YES;
				CLANG_ENABLE_OBJC_ARC = YES;
				CLANG_ENABLE_OBJC_WEAK = YES;
				CLANG_WARN_BLOCK_CAPTURE_AUTORELEASING = YES;
				CLANG_WARN_BOOL_CONVERSION = YES;
				CLANG_WARN_COMMA = YES;
				CLANG_WARN_CONSTANT_CONVERSION = YES;
				CLANG_WARN_DEPRECATED_OBJC_IMPLEMENTATIONS = YES;
				CLANG_WARN_DIRECT_OBJC_ISA_USAGE = YES_ERROR;
				CLANG_WARN_DOCUMENTATION_COMMENTS = YES;
				CLANG_WARN_EMPTY_BODY = YES;
				CLANG_WARN_ENUM_CONVERSION = YES;
				CLANG_WARN_INFINITE_RECURSION = YES;
				CLANG_WARN_INT_CONVERSION = YES;
				CLANG_WARN_NON_LITERAL_NULL_CONVERSION = YES;
				CLANG_WARN_OBJC_IMPLICIT_RETAIN_SELF = YES;
				CLANG_WARN_OBJC_LITERAL_CONVERSION = YES;
				CLANG_WARN_OBJC_ROOT_CLASS = YES_ERROR;
				CLANG_WARN_RANGE_LOOP_ANALYSIS = YES;
				CLANG_WARN_STRICT_PROTOTYPES = YES;
				CLANG_WARN_SUSPICIOUS_MOVE = YES;
				CLANG_WARN_UNGUARDED_AVAILABILITY = YES_AGGRESSIVE;
				CLANG_WARN_UNREACHABLE_CODE = YES;
				CLANG_WARN__DUPLICATE_METHOD_MATCH = YES;
				CODE_SIGN_IDENTITY = "iPhone Developer";
				COPY_PHASE_STRIP = NO;
				DEBUG_INFORMATION_FORMAT = dwarf;
				ENABLE_STRICT_OBJC_MSGSEND = YES;
				ENABLE_TESTABILITY = YES;
				GCC_C_LANGUAGE_STANDARD = gnu11;
				GCC_DYNAMIC_NO_PIC = NO;
				GCC_NO_COMMON_BLOCKS = YES;
				GCC_OPTIMIZATION_LEVEL = 0;
				GCC_PREPROCESSOR_DEFINITIONS = (
					"DEBUG=1",
					"$(inherited)",
				);
				GCC_WARN_64_TO_32_BIT_CONVERSION = YES;
				GCC_WARN_ABOUT_RETURN_TYPE = YES_ERROR;
				GCC_WARN_UNDECLARED_SELECTOR = YES;
				GCC_WARN_UNINITIALIZED_AUTOS = YES_AGGRESSIVE;
				GCC_WARN_UNUSED_FUNCTION = YES;
				GCC_WARN_UNUSED_VARIABLE = YES;
				IPHONEOS_DEPLOYMENT_TARGET = 12.1;
				MTL_ENABLE_DEBUG_INFO = INCLUDE_SOURCE;
				MTL_FAST_MATH = YES;
				ONLY_ACTIVE_ARCH = YES;
				SDKROOT = iphoneos;
				SWIFT_ACTIVE_COMPILATION_CONDITIONS = DEBUG;
				SWIFT_OPTIMIZATION_LEVEL = "-Onone";
			};
			name = Debug;
		};
		CF7B3D8022500F5500CBE1FC /* Release */ = {
			isa = XCBuildConfiguration;
			buildSettings = {
				ALWAYS_SEARCH_USER_PATHS = NO;
				CLANG_ANALYZER_NONNULL = YES;
				CLANG_ANALYZER_NUMBER_OBJECT_CONVERSION = YES_AGGRESSIVE;
				CLANG_CXX_LANGUAGE_STANDARD = "gnu++14";
				CLANG_CXX_LIBRARY = "libc++";
				CLANG_ENABLE_MODULES = YES;
				CLANG_ENABLE_OBJC_ARC = YES;
				CLANG_ENABLE_OBJC_WEAK = YES;
				CLANG_WARN_BLOCK_CAPTURE_AUTORELEASING = YES;
				CLANG_WARN_BOOL_CONVERSION = YES;
				CLANG_WARN_COMMA = YES;
				CLANG_WARN_CONSTANT_CONVERSION = YES;
				CLANG_WARN_DEPRECATED_OBJC_IMPLEMENTATIONS = YES;
				CLANG_WARN_DIRECT_OBJC_ISA_USAGE = YES_ERROR;
				CLANG_WARN_DOCUMENTATION_COMMENTS = YES;
				CLANG_WARN_EMPTY_BODY = YES;
				CLANG_WARN_ENUM_CONVERSION = YES;
				CLANG_WARN_INFINITE_RECURSION = YES;
				CLANG_WARN_INT_CONVERSION = YES;
				CLANG_WARN_NON_LITERAL_NULL_CONVERSION = YES;
				CLANG_WARN_OBJC_IMPLICIT_RETAIN_SELF = YES;
				CLANG_WARN_OBJC_LITERAL_CONVERSION = YES;
				CLANG_WARN_OBJC_ROOT_CLASS = YES_ERROR;
				CLANG_WARN_RANGE_LOOP_ANALYSIS = YES;
				CLANG_WARN_STRICT_PROTOTYPES = YES;
				CLANG_WARN_SUSPICIOUS_MOVE = YES;
				CLANG_WARN_UNGUARDED_AVAILABILITY = YES_AGGRESSIVE;
				CLANG_WARN_UNREACHABLE_CODE = YES;
				CLANG_WARN__DUPLICATE_METHOD_MATCH = YES;
				CODE_SIGN_IDENTITY = "iPhone Developer";
				COPY_PHASE_STRIP = NO;
				DEBUG_INFORMATION_FORMAT = "dwarf-with-dsym";
				ENABLE_NS_ASSERTIONS = NO;
				ENABLE_STRICT_OBJC_MSGSEND = YES;
				GCC_C_LANGUAGE_STANDARD = gnu11;
				GCC_NO_COMMON_BLOCKS = YES;
				GCC_WARN_64_TO_32_BIT_CONVERSION = YES;
				GCC_WARN_ABOUT_RETURN_TYPE = YES_ERROR;
				GCC_WARN_UNDECLARED_SELECTOR = YES;
				GCC_WARN_UNINITIALIZED_AUTOS = YES_AGGRESSIVE;
				GCC_WARN_UNUSED_FUNCTION = YES;
				GCC_WARN_UNUSED_VARIABLE = YES;
				IPHONEOS_DEPLOYMENT_TARGET = 12.1;
				MTL_ENABLE_DEBUG_INFO = NO;
				MTL_FAST_MATH = YES;
				SDKROOT = iphoneos;
				SWIFT_COMPILATION_MODE = wholemodule;
				SWIFT_OPTIMIZATION_LEVEL = "-O";
				VALIDATE_PRODUCT = YES;
			};
			name = Release;
		};
		CF7B3D8222500F5500CBE1FC /* Debug */ = {
			isa = XCBuildConfiguration;
			buildSettings = {
				ASSETCATALOG_COMPILER_APPICON_NAME = AppIcon;
				CODE_SIGN_STYLE = Automatic;
				INFOPLIST_FILE = Recognizer/Info.plist;
				LD_RUNPATH_SEARCH_PATHS = (
					"$(inherited)",
					"@executable_path/Frameworks",
				);
				PRODUCT_BUNDLE_IDENTIFIER = ink.Recognizer;
				PRODUCT_NAME = "$(TARGET_NAME)";
				SWIFT_VERSION = 4.2;
				TARGETED_DEVICE_FAMILY = "1,2";
			};
			name = Debug;
		};
		CF7B3D8322500F5500CBE1FC /* Release */ = {
			isa = XCBuildConfiguration;
			buildSettings = {
				ASSETCATALOG_COMPILER_APPICON_NAME = AppIcon;
				CODE_SIGN_STYLE = Automatic;
				INFOPLIST_FILE = Recognizer/Info.plist;
				LD_RUNPATH_SEARCH_PATHS = (
					"$(inherited)",
					"@executable_path/Frameworks",
				);
				PRODUCT_BUNDLE_IDENTIFIER = ink.Recognizer;
				PRODUCT_NAME = "$(TARGET_NAME)";
				SWIFT_VERSION = 4.2;
				TARGETED_DEVICE_FAMILY = "1,2";
			};
			name = Release;
		};
/* End XCBuildConfiguration section */

/* Begin XCConfigurationList section */
		CF7B3D6A22500F5300CBE1FC /* Build configuration list for PBXProject "Recognizer" */ = {
			isa = XCConfigurationList;
			buildConfigurations = (
				CF7B3D7F22500F5500CBE1FC /* Debug */,
				CF7B3D8022500F5500CBE1FC /* Release */,
			);
			defaultConfigurationIsVisible = 0;
			defaultConfigurationName = Release;
		};
		CF7B3D8122500F5500CBE1FC /* Build configuration list for PBXNativeTarget "Recognizer" */ = {
			isa = XCConfigurationList;
			buildConfigurations = (
				CF7B3D8222500F5500CBE1FC /* Debug */,
				CF7B3D8322500F5500CBE1FC /* Release */,
			);
			defaultConfigurationIsVisible = 0;
			defaultConfigurationName = Release;
		};
/* End XCConfigurationList section */
	};
	rootObject = CF7B3D6722500F5300CBE1FC /* Project object */;
}
